// !$*UTF8*$!
{
	archiveVersion = 1;
	classes = {
	};
	objectVersion = 46;
	objects = {

/* Begin PBXBuildFile section */
		FFB9BAB4182A1F25004D13F1 /* Foundation.framework in Frameworks */ = {isa = PBXBuildFile; fileRef = FFB9BAB3182A1F25004D13F1 /* Foundation.framework */; };
		FFB9BAB6182A1F25004D13F1 /* CoreGraphics.framework in Frameworks */ = {isa = PBXBuildFile; fileRef = FFB9BAB5182A1F25004D13F1 /* CoreGraphics.framework */; };
		FFB9BAB8182A1F25004D13F1 /* UIKit.framework in Frameworks */ = {isa = PBXBuildFile; fileRef = FFB9BAB7182A1F25004D13F1 /* UIKit.framework */; };
		FFB9BABE182A1F25004D13F1 /* InfoPlist.strings in Resources */ = {isa = PBXBuildFile; fileRef = FFB9BABC182A1F25004D13F1 /* InfoPlist.strings */; };
		FFB9BAC0182A1F25004D13F1 /* main.m in Sources */ = {isa = PBXBuildFile; fileRef = FFB9BABF182A1F25004D13F1 /* main.m */; };
		FFB9BAC4182A1F25004D13F1 /* AppDelegate.m in Sources */ = {isa = PBXBuildFile; fileRef = FFB9BAC3182A1F25004D13F1 /* AppDelegate.m */; };
		FFB9BAC7182A1F25004D13F1 /* Main.storyboard in Resources */ = {isa = PBXBuildFile; fileRef = FFB9BAC5182A1F25004D13F1 /* Main.storyboard */; };
		FFB9BACA182A1F25004D13F1 /* ViewController.m in Sources */ = {isa = PBXBuildFile; fileRef = FFB9BAC9182A1F25004D13F1 /* ViewController.m */; };
		FFB9BACC182A1F25004D13F1 /* Images.xcassets in Resources */ = {isa = PBXBuildFile; fileRef = FFB9BACB182A1F25004D13F1 /* Images.xcassets */; };
		FFB9BAD3182A1F25004D13F1 /* XCTest.framework in Frameworks */ = {isa = PBXBuildFile; fileRef = FFB9BAD2182A1F25004D13F1 /* XCTest.framework */; };
		FFB9BAD4182A1F25004D13F1 /* Foundation.framework in Frameworks */ = {isa = PBXBuildFile; fileRef = FFB9BAB3182A1F25004D13F1 /* Foundation.framework */; };
		FFB9BAD5182A1F25004D13F1 /* UIKit.framework in Frameworks */ = {isa = PBXBuildFile; fileRef = FFB9BAB7182A1F25004D13F1 /* UIKit.framework */; };
		FFB9BADD182A1F25004D13F1 /* InfoPlist.strings in Resources */ = {isa = PBXBuildFile; fileRef = FFB9BADB182A1F25004D13F1 /* InfoPlist.strings */; };
		FFB9BADF182A1F25004D13F1 /* TestttttTests.m in Sources */ = {isa = PBXBuildFile; fileRef = FFB9BADE182A1F25004D13F1 /* TestttttTests.m */; };
		FFB9BAE9182B3748004D13F1 /* Social.framework in Frameworks */ = {isa = PBXBuildFile; fileRef = FFB9BAE8182B3748004D13F1 /* Social.framework */; };
		FFB9BAEC182C85D8004D13F1 /* NewViewController.m in Sources */ = {isa = PBXBuildFile; fileRef = FFB9BAEB182C85D8004D13F1 /* NewViewController.m */; };
/* End PBXBuildFile section */

/* Begin PBXContainerItemProxy section */
		FFB9BAD6182A1F25004D13F1 /* PBXContainerItemProxy */ = {
			isa = PBXContainerItemProxy;
			containerPortal = FFB9BAA8182A1F25004D13F1 /* Project object */;
			proxyType = 1;
			remoteGlobalIDString = FFB9BAAF182A1F25004D13F1;
			remoteInfo = Testtttt;
		};
/* End PBXContainerItemProxy section */

/* Begin PBXFileReference section */
		FFB9BAB0182A1F25004D13F1 /* Testtttt.app */ = {isa = PBXFileReference; explicitFileType = wrapper.application; includeInIndex = 0; path = Testtttt.app; sourceTree = BUILT_PRODUCTS_DIR; };
		FFB9BAB3182A1F25004D13F1 /* Foundation.framework */ = {isa = PBXFileReference; lastKnownFileType = wrapper.framework; name = Foundation.framework; path = System/Library/Frameworks/Foundation.framework; sourceTree = SDKROOT; };
		FFB9BAB5182A1F25004D13F1 /* CoreGraphics.framework */ = {isa = PBXFileReference; lastKnownFileType = wrapper.framework; name = CoreGraphics.framework; path = System/Library/Frameworks/CoreGraphics.framework; sourceTree = SDKROOT; };
		FFB9BAB7182A1F25004D13F1 /* UIKit.framework */ = {isa = PBXFileReference; lastKnownFileType = wrapper.framework; name = UIKit.framework; path = System/Library/Frameworks/UIKit.framework; sourceTree = SDKROOT; };
		FFB9BABB182A1F25004D13F1 /* Testtttt-Info.plist */ = {isa = PBXFileReference; lastKnownFileType = text.plist.xml; path = "Testtttt-Info.plist"; sourceTree = "<group>"; };
		FFB9BABD182A1F25004D13F1 /* en */ = {isa = PBXFileReference; lastKnownFileType = text.plist.strings; name = en; path = en.lproj/InfoPlist.strings; sourceTree = "<group>"; };
		FFB9BABF182A1F25004D13F1 /* main.m */ = {isa = PBXFileReference; lastKnownFileType = sourcecode.c.objc; path = main.m; sourceTree = "<group>"; };
		FFB9BAC1182A1F25004D13F1 /* Testtttt-Prefix.pch */ = {isa = PBXFileReference; lastKnownFileType = sourcecode.c.h; path = "Testtttt-Prefix.pch"; sourceTree = "<group>"; };
		FFB9BAC2182A1F25004D13F1 /* AppDelegate.h */ = {isa = PBXFileReference; lastKnownFileType = sourcecode.c.h; path = AppDelegate.h; sourceTree = "<group>"; };
		FFB9BAC3182A1F25004D13F1 /* AppDelegate.m */ = {isa = PBXFileReference; lastKnownFileType = sourcecode.c.objc; path = AppDelegate.m; sourceTree = "<group>"; };
		FFB9BAC6182A1F25004D13F1 /* Base */ = {isa = PBXFileReference; lastKnownFileType = file.storyboard; name = Base; path = Base.lproj/Main.storyboard; sourceTree = "<group>"; };
		FFB9BAC8182A1F25004D13F1 /* ViewController.h */ = {isa = PBXFileReference; lastKnownFileType = sourcecode.c.h; path = ViewController.h; sourceTree = "<group>"; };
		FFB9BAC9182A1F25004D13F1 /* ViewController.m */ = {isa = PBXFileReference; lastKnownFileType = sourcecode.c.objc; path = ViewController.m; sourceTree = "<group>"; };
		FFB9BACB182A1F25004D13F1 /* Images.xcassets */ = {isa = PBXFileReference; lastKnownFileType = folder.assetcatalog; path = Images.xcassets; sourceTree = "<group>"; };
		FFB9BAD1182A1F25004D13F1 /* TestttttTests.xctest */ = {isa = PBXFileReference; explicitFileType = wrapper.cfbundle; includeInIndex = 0; path = TestttttTests.xctest; sourceTree = BUILT_PRODUCTS_DIR; };
		FFB9BAD2182A1F25004D13F1 /* XCTest.framework */ = {isa = PBXFileReference; lastKnownFileType = wrapper.framework; name = XCTest.framework; path = Library/Frameworks/XCTest.framework; sourceTree = DEVELOPER_DIR; };
		FFB9BADA182A1F25004D13F1 /* TestttttTests-Info.plist */ = {isa = PBXFileReference; lastKnownFileType = text.plist.xml; path = "TestttttTests-Info.plist"; sourceTree = "<group>"; };
		FFB9BADC182A1F25004D13F1 /* en */ = {isa = PBXFileReference; lastKnownFileType = text.plist.strings; name = en; path = en.lproj/InfoPlist.strings; sourceTree = "<group>"; };
		FFB9BADE182A1F25004D13F1 /* TestttttTests.m */ = {isa = PBXFileReference; lastKnownFileType = sourcecode.c.objc; path = TestttttTests.m; sourceTree = "<group>"; };
		FFB9BAE8182B3748004D13F1 /* Social.framework */ = {isa = PBXFileReference; lastKnownFileType = wrapper.framework; name = Social.framework; path = System/Library/Frameworks/Social.framework; sourceTree = SDKROOT; };
		FFB9BAEA182C85D8004D13F1 /* NewViewController.h */ = {isa = PBXFileReference; fileEncoding = 4; lastKnownFileType = sourcecode.c.h; path = NewViewController.h; sourceTree = "<group>"; };
		FFB9BAEB182C85D8004D13F1 /* NewViewController.m */ = {isa = PBXFileReference; fileEncoding = 4; lastKnownFileType = sourcecode.c.objc; path = NewViewController.m; sourceTree = "<group>"; };
/* End PBXFileReference section */

/* Begin PBXFrameworksBuildPhase section */
		FFB9BAAD182A1F25004D13F1 /* Frameworks */ = {
			isa = PBXFrameworksBuildPhase;
			buildActionMask = 2147483647;
			files = (
				FFB9BAE9182B3748004D13F1 /* Social.framework in Frameworks */,
				FFB9BAB6182A1F25004D13F1 /* CoreGraphics.framework in Frameworks */,
				FFB9BAB8182A1F25004D13F1 /* UIKit.framework in Frameworks */,
				FFB9BAB4182A1F25004D13F1 /* Foundation.framework in Frameworks */,
			);
			runOnlyForDeploymentPostprocessing = 0;
		};
		FFB9BACE182A1F25004D13F1 /* Frameworks */ = {
			isa = PBXFrameworksBuildPhase;
			buildActionMask = 2147483647;
			files = (
				FFB9BAD3182A1F25004D13F1 /* XCTest.framework in Frameworks */,
				FFB9BAD5182A1F25004D13F1 /* UIKit.framework in Frameworks */,
				FFB9BAD4182A1F25004D13F1 /* Foundation.framework in Frameworks */,
			);
			runOnlyForDeploymentPostprocessing = 0;
		};
/* End PBXFrameworksBuildPhase section */

/* Begin PBXGroup section */
		FFB9BAA7182A1F25004D13F1 = {
			isa = PBXGroup;
			children = (
				FFB9BAB9182A1F25004D13F1 /* Testtttt */,
				FFB9BAD8182A1F25004D13F1 /* TestttttTests */,
				FFB9BAB2182A1F25004D13F1 /* Frameworks */,
				FFB9BAB1182A1F25004D13F1 /* Products */,
			);
			sourceTree = "<group>";
		};
		FFB9BAB1182A1F25004D13F1 /* Products */ = {
			isa = PBXGroup;
			children = (
				FFB9BAB0182A1F25004D13F1 /* Testtttt.app */,
				FFB9BAD1182A1F25004D13F1 /* TestttttTests.xctest */,
			);
			name = Products;
			sourceTree = "<group>";
		};
		FFB9BAB2182A1F25004D13F1 /* Frameworks */ = {
			isa = PBXGroup;
			children = (
				FFB9BAE8182B3748004D13F1 /* Social.framework */,
				FFB9BAB3182A1F25004D13F1 /* Foundation.framework */,
				FFB9BAB5182A1F25004D13F1 /* CoreGraphics.framework */,
				FFB9BAB7182A1F25004D13F1 /* UIKit.framework */,
				FFB9BAD2182A1F25004D13F1 /* XCTest.framework */,
			);
			name = Frameworks;
			sourceTree = "<group>";
		};
		FFB9BAB9182A1F25004D13F1 /* Testtttt */ = {
			isa = PBXGroup;
			children = (
				FFB9BAC2182A1F25004D13F1 /* AppDelegate.h */,
				FFB9BAC3182A1F25004D13F1 /* AppDelegate.m */,
				FFB9BAC5182A1F25004D13F1 /* Main.storyboard */,
				FFB9BAEA182C85D8004D13F1 /* NewViewController.h */,
				FFB9BAEB182C85D8004D13F1 /* NewViewController.m */,
				FFB9BAC8182A1F25004D13F1 /* ViewController.h */,
				FFB9BAC9182A1F25004D13F1 /* ViewController.m */,
				FFB9BACB182A1F25004D13F1 /* Images.xcassets */,
				FFB9BABA182A1F25004D13F1 /* Supporting Files */,
			);
			path = Testtttt;
			sourceTree = "<group>";
		};
		FFB9BABA182A1F25004D13F1 /* Supporting Files */ = {
			isa = PBXGroup;
			children = (
				FFB9BABB182A1F25004D13F1 /* Testtttt-Info.plist */,
				FFB9BABC182A1F25004D13F1 /* InfoPlist.strings */,
				FFB9BABF182A1F25004D13F1 /* main.m */,
				FFB9BAC1182A1F25004D13F1 /* Testtttt-Prefix.pch */,
			);
			name = "Supporting Files";
			sourceTree = "<group>";
		};
		FFB9BAD8182A1F25004D13F1 /* TestttttTests */ = {
			isa = PBXGroup;
			children = (
				FFB9BADE182A1F25004D13F1 /* TestttttTests.m */,
				FFB9BAD9182A1F25004D13F1 /* Supporting Files */,
			);
			path = TestttttTests;
			sourceTree = "<group>";
		};
		FFB9BAD9182A1F25004D13F1 /* Supporting Files */ = {
			isa = PBXGroup;
			children = (
				FFB9BADA182A1F25004D13F1 /* TestttttTests-Info.plist */,
				FFB9BADB182A1F25004D13F1 /* InfoPlist.strings */,
			);
			name = "Supporting Files";
			sourceTree = "<group>";
		};
/* End PBXGroup section */

/* Begin PBXNativeTarget section */
		FFB9BAAF182A1F25004D13F1 /* Testtttt */ = {
			isa = PBXNativeTarget;
			buildConfigurationList = FFB9BAE2182A1F25004D13F1 /* Build configuration list for PBXNativeTarget "Testtttt" */;
			buildPhases = (
				FFB9BAAC182A1F25004D13F1 /* Sources */,
				FFB9BAAD182A1F25004D13F1 /* Frameworks */,
				FFB9BAAE182A1F25004D13F1 /* Resources */,
			);
			buildRules = (
			);
			dependencies = (
			);
			name = Testtttt;
			productName = Testtttt;
			productReference = FFB9BAB0182A1F25004D13F1 /* Testtttt.app */;
			productType = "com.apple.product-type.application";
		};
		FFB9BAD0182A1F25004D13F1 /* TestttttTests */ = {
			isa = PBXNativeTarget;
			buildConfigurationList = FFB9BAE5182A1F25004D13F1 /* Build configuration list for PBXNativeTarget "TestttttTests" */;
			buildPhases = (
				FFB9BACD182A1F25004D13F1 /* Sources */,
				FFB9BACE182A1F25004D13F1 /* Frameworks */,
				FFB9BACF182A1F25004D13F1 /* Resources */,
			);
			buildRules = (
			);
			dependencies = (
				FFB9BAD7182A1F25004D13F1 /* PBXTargetDependency */,
			);
			name = TestttttTests;
			productName = TestttttTests;
			productReference = FFB9BAD1182A1F25004D13F1 /* TestttttTests.xctest */;
			productType = "com.apple.product-type.bundle.unit-test";
		};
/* End PBXNativeTarget section */

/* Begin PBXProject section */
		FFB9BAA8182A1F25004D13F1 /* Project object */ = {
			isa = PBXProject;
			attributes = {
				LastUpgradeCheck = 0500;
				ORGANIZATIONNAME = Fontech;
				TargetAttributes = {
					FFB9BAD0182A1F25004D13F1 = {
						TestTargetID = FFB9BAAF182A1F25004D13F1;
					};
				};
			};
			buildConfigurationList = FFB9BAAB182A1F25004D13F1 /* Build configuration list for PBXProject "Testtttt" */;
			compatibilityVersion = "Xcode 3.2";
			developmentRegion = English;
			hasScannedForEncodings = 0;
			knownRegions = (
				en,
				Base,
			);
			mainGroup = FFB9BAA7182A1F25004D13F1;
			productRefGroup = FFB9BAB1182A1F25004D13F1 /* Products */;
			projectDirPath = "";
			projectRoot = "";
			targets = (
				FFB9BAAF182A1F25004D13F1 /* Testtttt */,
				FFB9BAD0182A1F25004D13F1 /* TestttttTests */,
			);
		};
/* End PBXProject section */

/* Begin PBXResourcesBuildPhase section */
		FFB9BAAE182A1F25004D13F1 /* Resources */ = {
			isa = PBXResourcesBuildPhase;
			buildActionMask = 2147483647;
			files = (
				FFB9BACC182A1F25004D13F1 /* Images.xcassets in Resources */,
				FFB9BABE182A1F25004D13F1 /* InfoPlist.strings in Resources */,
				FFB9BAC7182A1F25004D13F1 /* Main.storyboard in Resources */,
			);
			runOnlyForDeploymentPostprocessing = 0;
		};
		FFB9BACF182A1F25004D13F1 /* Resources */ = {
			isa = PBXResourcesBuildPhase;
			buildActionMask = 2147483647;
			files = (
				FFB9BADD182A1F25004D13F1 /* InfoPlist.strings in Resources */,
			);
			runOnlyForDeploymentPostprocessing = 0;
		};
/* End PBXResourcesBuildPhase section */

/* Begin PBXSourcesBuildPhase section */
		FFB9BAAC182A1F25004D13F1 /* Sources */ = {
			isa = PBXSourcesBuildPhase;
			buildActionMask = 2147483647;
			files = (
				FFB9BACA182A1F25004D13F1 /* ViewController.m in Sources */,
				FFB9BAC4182A1F25004D13F1 /* AppDelegate.m in Sources */,
				FFB9BAC0182A1F25004D13F1 /* main.m in Sources */,
				FFB9BAEC182C85D8004D13F1 /* NewViewController.m in Sources */,
			);
			runOnlyForDeploymentPostprocessing = 0;
		};
		FFB9BACD182A1F25004D13F1 /* Sources */ = {
			isa = PBXSourcesBuildPhase;
			buildActionMask = 2147483647;
			files = (
				FFB9BADF182A1F25004D13F1 /* TestttttTests.m in Sources */,
			);
			runOnlyForDeploymentPostprocessing = 0;
		};
/* End PBXSourcesBuildPhase section */

/* Begin PBXTargetDependency section */
		FFB9BAD7182A1F25004D13F1 /* PBXTargetDependency */ = {
			isa = PBXTargetDependency;
			target = FFB9BAAF182A1F25004D13F1 /* Testtttt */;
			targetProxy = FFB9BAD6182A1F25004D13F1 /* PBXContainerItemProxy */;
		};
/* End PBXTargetDependency section */

/* Begin PBXVariantGroup section */
		FFB9BABC182A1F25004D13F1 /* InfoPlist.strings */ = {
			isa = PBXVariantGroup;
			children = (
				FFB9BABD182A1F25004D13F1 /* en */,
			);
			name = InfoPlist.strings;
			sourceTree = "<group>";
		};
		FFB9BAC5182A1F25004D13F1 /* Main.storyboard */ = {
			isa = PBXVariantGroup;
			children = (
				FFB9BAC6182A1F25004D13F1 /* Base */,
			);
			name = Main.storyboard;
			sourceTree = "<group>";
		};
		FFB9BADB182A1F25004D13F1 /* InfoPlist.strings */ = {
			isa = PBXVariantGroup;
			children = (
				FFB9BADC182A1F25004D13F1 /* en */,
			);
			name = InfoPlist.strings;
			sourceTree = "<group>";
		};
/* End PBXVariantGroup section */

/* Begin XCBuildConfiguration section */
		FFB9BAE0182A1F25004D13F1 /* Debug */ = {
			isa = XCBuildConfiguration;
			buildSettings = {
				ALWAYS_SEARCH_USER_PATHS = NO;
				ARCHS = "$(ARCHS_STANDARD_INCLUDING_64_BIT)";
				CLANG_CXX_LANGUAGE_STANDARD = "gnu++0x";
				CLANG_CXX_LIBRARY = "libc++";
				CLANG_ENABLE_MODULES = YES;
				CLANG_ENABLE_OBJC_ARC = YES;
				CLANG_WARN_BOOL_CONVERSION = YES;
				CLANG_WARN_CONSTANT_CONVERSION = YES;
				CLANG_WARN_DIRECT_OBJC_ISA_USAGE = YES_ERROR;
				CLANG_WARN_EMPTY_BODY = YES;
				CLANG_WARN_ENUM_CONVERSION = YES;
				CLANG_WARN_INT_CONVERSION = YES;
				CLANG_WARN_OBJC_ROOT_CLASS = YES_ERROR;
				CLANG_WARN__DUPLICATE_METHOD_MATCH = YES;
				"CODE_SIGN_IDENTITY[sdk=iphoneos*]" = "iPhone Developer";
				COPY_PHASE_STRIP = NO;
				GCC_C_LANGUAGE_STANDARD = gnu99;
				GCC_DYNAMIC_NO_PIC = NO;
				GCC_OPTIMIZATION_LEVEL = 0;
				GCC_PREPROCESSOR_DEFINITIONS = (
					"DEBUG=1",
					"$(inherited)",
				);
				GCC_SYMBOLS_PRIVATE_EXTERN = NO;
				GCC_WARN_64_TO_32_BIT_CONVERSION = YES;
				GCC_WARN_ABOUT_RETURN_TYPE = YES_ERROR;
				GCC_WARN_UNDECLARED_SELECTOR = YES;
				GCC_WARN_UNINITIALIZED_AUTOS = YES;
				GCC_WARN_UNUSED_FUNCTION = YES;
				GCC_WARN_UNUSED_VARIABLE = YES;
				IPHONEOS_DEPLOYMENT_TARGET = 7.0;
				ONLY_ACTIVE_ARCH = YES;
				SDKROOT = iphoneos;
			};
			name = Debug;
		};
		FFB9BAE1182A1F25004D13F1 /* Release */ = {
			isa = XCBuildConfiguration;
			buildSettings = {
				ALWAYS_SEARCH_USER_PATHS = NO;
				ARCHS = "$(ARCHS_STANDARD_INCLUDING_64_BIT)";
				CLANG_CXX_LANGUAGE_STANDARD = "gnu++0x";
				CLANG_CXX_LIBRARY = "libc++";
				CLANG_ENABLE_MODULES = YES;
				CLANG_ENABLE_OBJC_ARC = YES;
				CLANG_WARN_BOOL_CONVERSION = YES;
				CLANG_WARN_CONSTANT_CONVERSION = YES;
				CLANG_WARN_DIRECT_OBJC_ISA_USAGE = YES_ERROR;
				CLANG_WARN_EMPTY_BODY = YES;
				CLANG_WARN_ENUM_CONVERSION = YES;
				CLANG_WARN_INT_CONVERSION = YES;
				CLANG_WARN_OBJC_ROOT_CLASS = YES_ERROR;
				CLANG_WARN__DUPLICATE_METHOD_MATCH = YES;
				"CODE_SIGN_IDENTITY[sdk=iphoneos*]" = "iPhone Developer";
				COPY_PHASE_STRIP = YES;
				ENABLE_NS_ASSERTIONS = NO;
				GCC_C_LANGUAGE_STANDARD = gnu99;
				GCC_WARN_64_TO_32_BIT_CONVERSION = YES;
				GCC_WARN_ABOUT_RETURN_TYPE = YES_ERROR;
				GCC_WARN_UNDECLARED_SELECTOR = YES;
				GCC_WARN_UNINITIALIZED_AUTOS = YES;
				GCC_WARN_UNUSED_FUNCTION = YES;
				GCC_WARN_UNUSED_VARIABLE = YES;
				IPHONEOS_DEPLOYMENT_TARGET = 7.0;
				SDKROOT = iphoneos;
				VALIDATE_PRODUCT = YES;
			};
			name = Release;
		};
		FFB9BAE3182A1F25004D13F1 /* Debug */ = {
			isa = XCBuildConfiguration;
			buildSettings = {
				ASSETCATALOG_COMPILER_APPICON_NAME = AppIcon;
				ASSETCATALOG_COMPILER_LAUNCHIMAGE_NAME = LaunchImage;
				GCC_PRECOMPILE_PREFIX_HEADER = YES;
				GCC_PREFIX_HEADER = "Testtttt/Testtttt-Prefix.pch";
				INFOPLIST_FILE = "Testtttt/Testtttt-Info.plist";
				PRODUCT_NAME = "$(TARGET_NAME)";
				WRAPPER_EXTENSION = app;
			};
			name = Debug;
		};
		FFB9BAE4182A1F25004D13F1 /* Release */ = {
			isa = XCBuildConfiguration;
			buildSettings = {
				ASSETCATALOG_COMPILER_APPICON_NAME = AppIcon;
				ASSETCATALOG_COMPILER_LAUNCHIMAGE_NAME = LaunchImage;
				GCC_PRECOMPILE_PREFIX_HEADER = YES;
				GCC_PREFIX_HEADER = "Testtttt/Testtttt-Prefix.pch";
				INFOPLIST_FILE = "Testtttt/Testtttt-Info.plist";
				PRODUCT_NAME = "$(TARGET_NAME)";
				WRAPPER_EXTENSION = app;
			};
			name = Release;
		};
		FFB9BAE6182A1F25004D13F1 /* Debug */ = {
			isa = XCBuildConfiguration;
			buildSettings = {
				ARCHS = "$(ARCHS_STANDARD_INCLUDING_64_BIT)";
				BUNDLE_LOADER = "$(BUILT_PRODUCTS_DIR)/Testtttt.app/Testtttt";
				FRAMEWORK_SEARCH_PATHS = (
					"$(SDKROOT)/Developer/Library/Frameworks",
					"$(inherited)",
					"$(DEVELOPER_FRAMEWORKS_DIR)",
				);
				GCC_PRECOMPILE_PREFIX_HEADER = YES;
				GCC_PREFIX_HEADER = "Testtttt/Testtttt-Prefix.pch";
				GCC_PREPROCESSOR_DEFINITIONS = (
					"DEBUG=1",
					"$(inherited)",
				);
				INFOPLIST_FILE = "TestttttTests/TestttttTests-Info.plist";
				PRODUCT_NAME = "$(TARGET_NAME)";
				TEST_HOST = "$(BUNDLE_LOADER)";
				WRAPPER_EXTENSION = xctest;
			};
			name = Debug;
		};
		FFB9BAE7182A1F25004D13F1 /* Release */ = {
			isa = XCBuildConfiguration;
			buildSettings = {
				ARCHS = "$(ARCHS_STANDARD_INCLUDING_64_BIT)";
				BUNDLE_LOADER = "$(BUILT_PRODUCTS_DIR)/Testtttt.app/Testtttt";
				FRAMEWORK_SEARCH_PATHS = (
					"$(SDKROOT)/Developer/Library/Frameworks",
					"$(inherited)",
					"$(DEVELOPER_FRAMEWORKS_DIR)",
				);
				GCC_PRECOMPILE_PREFIX_HEADER = YES;
				GCC_PREFIX_HEADER = "Testtttt/Testtttt-Prefix.pch";
				INFOPLIST_FILE = "TestttttTests/TestttttTests-Info.plist";
				PRODUCT_NAME = "$(TARGET_NAME)";
				TEST_HOST = "$(BUNDLE_LOADER)";
				WRAPPER_EXTENSION = xctest;
			};
			name = Release;
		};
/* End XCBuildConfiguration section */

/* Begin XCConfigurationList section */
		FFB9BAAB182A1F25004D13F1 /* Build configuration list for PBXProject "Testtttt" */ = {
			isa = XCConfigurationList;
			buildConfigurations = (
				FFB9BAE0182A1F25004D13F1 /* Debug */,
				FFB9BAE1182A1F25004D13F1 /* Release */,
			);
			defaultConfigurationIsVisible = 0;
			defaultConfigurationName = Release;
		};
		FFB9BAE2182A1F25004D13F1 /* Build configuration list for PBXNativeTarget "Testtttt" */ = {
			isa = XCConfigurationList;
			buildConfigurations = (
				FFB9BAE3182A1F25004D13F1 /* Debug */,
				FFB9BAE4182A1F25004D13F1 /* Release */,
			);
			defaultConfigurationIsVisible = 0;
		};
		FFB9BAE5182A1F25004D13F1 /* Build configuration list for PBXNativeTarget "TestttttTests" */ = {
			isa = XCConfigurationList;
			buildConfigurations = (
				FFB9BAE6182A1F25004D13F1 /* Debug */,
				FFB9BAE7182A1F25004D13F1 /* Release */,
			);
			defaultConfigurationIsVisible = 0;
		};
/* End XCConfigurationList section */
	};
	rootObject = FFB9BAA8182A1F25004D13F1 /* Project object */;
}
